<Solution>
  <Folder Name="/Tests/">
    <Project Path="Tests/JobFlowAutomation.IntegrationTests/JobFlowAutomation.IntegrationTests.csproj" />
    <Project Path="Tests/JobFlowAutomation.UnitTests/JobFlowAutomation.UnitTests.csproj" />
  </Folder>
  <Project Path="JobFlowAutomation.csproj" />
</Solution>
